
Microsoft Visual Studio Solution File, Format Version 12.00
# Visual Studio 15
VisualStudioVersion = 15.0.28307.1525
MinimumVisualStudioVersion = 10.0.40219.1
Project("{FAE04EC0-301F-11D3-BF4B-00C04F79EFBC}") = "UnitMain", "UnitMain\UnitMain.csproj", "{AF9FA10E-3BA1-40AF-9AF1-2A3DBC99B7EC}"
EndProject
Global
	GlobalSection(SolutionConfigurationPlatforms) = preSolution
		Debug|Any CPU = Debug|Any CPU
		Release|Any CPU = Release|Any CPU
	EndGlobalSection
	GlobalSection(ProjectConfigurationPlatforms) = postSolution
		{AF9FA10E-3BA1-40AF-9AF1-2A3DBC99B7EC}.Debug|Any CPU.ActiveCfg = Debug|Any CPU
		{AF9FA10E-3BA1-40AF-9AF1-2A3DBC99B7EC}.Debug|Any CPU.Build.0 = Debug|Any CPU
		{AF9FA10E-3BA1-40AF-9AF1-2A3DBC99B7EC}.Release|Any CPU.ActiveCfg = Release|Any CPU
		{AF9FA10E-3BA1-40AF-9AF1-2A3DBC99B7EC}.Release|Any CPU.Build.0 = Release|Any CPU
	EndGlobalSection
	GlobalSection(SolutionProperties) = preSolution
		HideSolutionNode = FALSE
	EndGlobalSection
	GlobalSection(ExtensibilityGlobals) = postSolution
		SolutionGuid = {A6356019-CBE1-463C-9791-5E1EC81A6D70}
	EndGlobalSection
EndGlobal
